
Microsoft Visual Studio Solution File, Format Version 12.00
# Visual Studio Version 16
VisualStudioVersion = 16.0.28803.452
MinimumVisualStudioVersion = 10.0.40219.1
Project("{9A19103F-16F7-4668-BE54-9A1E7A4F7556}") = "MyClippings-Parser", "MyClipping-Parser.API\MyClippings-Parser.csproj", "{1D664EA3-77F4-4F97-8896-289954D7A959}"
EndProject
Project("{9A19103F-16F7-4668-BE54-9A1E7A4F7556}") = "MyClipping-Parser.Tests", "MyClipping-Parser.Tests\MyClipping-Parser.Tests.csproj", "{AF8B026B-972A-4FA8-862B-D72BECB42E92}"
EndProject
Global
	GlobalSection(SolutionConfigurationPlatforms) = preSolution
		Debug|Any CPU = Debug|Any CPU
		Release|Any CPU = Release|Any CPU
	EndGlobalSection
	GlobalSection(ProjectConfigurationPlatforms) = postSolution
		{1D664EA3-77F4-4F97-8896-289954D7A959}.Debug|Any CPU.ActiveCfg = Debug|Any CPU
		{1D664EA3-77F4-4F97-8896-289954D7A959}.Debug|Any CPU.Build.0 = Debug|Any CPU
		{1D664EA3-77F4-4F97-8896-289954D7A959}.Release|Any CPU.ActiveCfg = Release|Any CPU
		{1D664EA3-77F4-4F97-8896-289954D7A959}.Release|Any CPU.Build.0 = Release|Any CPU
		{AF8B026B-972A-4FA8-862B-D72BECB42E92}.Debug|Any CPU.ActiveCfg = Debug|Any CPU
		{AF8B026B-972A-4FA8-862B-D72BECB42E92}.Debug|Any CPU.Build.0 = Debug|Any CPU
		{AF8B026B-972A-4FA8-862B-D72BECB42E92}.Release|Any CPU.ActiveCfg = Release|Any CPU
		{AF8B026B-972A-4FA8-862B-D72BECB42E92}.Release|Any CPU.Build.0 = Release|Any CPU
	EndGlobalSection
	GlobalSection(SolutionProperties) = preSolution
		HideSolutionNode = FALSE
	EndGlobalSection
	GlobalSection(ExtensibilityGlobals) = postSolution
		SolutionGuid = {217BDD8E-AE7F-4ACE-A82A-1ADE6F87E217}
	EndGlobalSection
EndGlobal
